
Microsoft Visual Studio Solution File, Format Version 12.00
# Visual Studio 15
VisualStudioVersion = 15.0.28307.902
MinimumVisualStudioVersion = 10.0.40219.1
Project("{FAE04EC0-301F-11D3-BF4B-00C04F79EFBC}") = "10-CRUDPersonasWeb-UI", "10-CRUDPersonasWeb-UI\10-CRUDPersonasWeb-UI.csproj", "{20EF4467-6127-4A84-A3C7-77F529B29E29}"
EndProject
Project("{FAE04EC0-301F-11D3-BF4B-00C04F79EFBC}") = "10-CRUDPersonaEntidadesWeb", "10-CRUDPersonaEntidadesWeb\10-CRUDPersonaEntidadesWeb.csproj", "{AD42DD28-9CAC-4E5E-A7A5-32FCAA6E996B}"
EndProject
Project("{FAE04EC0-301F-11D3-BF4B-00C04F79EFBC}") = "10-CRUDPersonaBLWeb", "10-CRUDPersonaBLWeb\10-CRUDPersonaBLWeb.csproj", "{ED71DB22-F35D-4ED4-B5CA-19F4B74291C9}"
EndProject
Project("{FAE04EC0-301F-11D3-BF4B-00C04F79EFBC}") = "10-CRUDPersonaDalWeb", "10-CRUDPersonaDalWeb\10-CRUDPersonaDalWeb.csproj", "{2DE8CA83-50CE-4C9A-9204-81C7A877AA82}"
EndProject
Global
	GlobalSection(SolutionConfigurationPlatforms) = preSolution
		Debug|Any CPU = Debug|Any CPU
		Release|Any CPU = Release|Any CPU
	EndGlobalSection
	GlobalSection(ProjectConfigurationPlatforms) = postSolution
		{20EF4467-6127-4A84-A3C7-77F529B29E29}.Debug|Any CPU.ActiveCfg = Debug|Any CPU
		{20EF4467-6127-4A84-A3C7-77F529B29E29}.Debug|Any CPU.Build.0 = Debug|Any CPU
		{20EF4467-6127-4A84-A3C7-77F529B29E29}.Release|Any CPU.ActiveCfg = Release|Any CPU
		{20EF4467-6127-4A84-A3C7-77F529B29E29}.Release|Any CPU.Build.0 = Release|Any CPU
		{AD42DD28-9CAC-4E5E-A7A5-32FCAA6E996B}.Debug|Any CPU.ActiveCfg = Debug|Any CPU
		{AD42DD28-9CAC-4E5E-A7A5-32FCAA6E996B}.Debug|Any CPU.Build.0 = Debug|Any CPU
		{AD42DD28-9CAC-4E5E-A7A5-32FCAA6E996B}.Release|Any CPU.ActiveCfg = Release|Any CPU
		{AD42DD28-9CAC-4E5E-A7A5-32FCAA6E996B}.Release|Any CPU.Build.0 = Release|Any CPU
		{ED71DB22-F35D-4ED4-B5CA-19F4B74291C9}.Debug|Any CPU.ActiveCfg = Debug|Any CPU
		{ED71DB22-F35D-4ED4-B5CA-19F4B74291C9}.Debug|Any CPU.Build.0 = Debug|Any CPU
		{ED71DB22-F35D-4ED4-B5CA-19F4B74291C9}.Release|Any CPU.ActiveCfg = Release|Any CPU
		{ED71DB22-F35D-4ED4-B5CA-19F4B74291C9}.Release|Any CPU.Build.0 = Release|Any CPU
		{2DE8CA83-50CE-4C9A-9204-81C7A877AA82}.Debug|Any CPU.ActiveCfg = Debug|Any CPU
		{2DE8CA83-50CE-4C9A-9204-81C7A877AA82}.Debug|Any CPU.Build.0 = Debug|Any CPU
		{2DE8CA83-50CE-4C9A-9204-81C7A877AA82}.Release|Any CPU.ActiveCfg = Release|Any CPU
		{2DE8CA83-50CE-4C9A-9204-81C7A877AA82}.Release|Any CPU.Build.0 = Release|Any CPU
	EndGlobalSection
	GlobalSection(SolutionProperties) = preSolution
		HideSolutionNode = FALSE
	EndGlobalSection
	GlobalSection(ExtensibilityGlobals) = postSolution
		SolutionGuid = {3AB0B781-D192-4ED0-92D8-1D8B202A5FB4}
	EndGlobalSection
EndGlobal
