
Microsoft Visual Studio Solution File, Format Version 12.00
# Visual Studio Version 16
VisualStudioVersion = 16.0.29418.71
MinimumVisualStudioVersion = 10.0.40219.1
Project("{FAE04EC0-301F-11D3-BF4B-00C04F79EFBC}") = "02-ListadoProductosMVC", "02-ListadoProductosMVC\02-ListadoProductosMVC.csproj", "{BEFF1214-8B66-4CFF-8469-FCB0FBEE9FDB}"
EndProject
Global
	GlobalSection(SolutionConfigurationPlatforms) = preSolution
		Debug|Any CPU = Debug|Any CPU
		Release|Any CPU = Release|Any CPU
	EndGlobalSection
	GlobalSection(ProjectConfigurationPlatforms) = postSolution
		{BEFF1214-8B66-4CFF-8469-FCB0FBEE9FDB}.Debug|Any CPU.ActiveCfg = Debug|Any CPU
		{BEFF1214-8B66-4CFF-8469-FCB0FBEE9FDB}.Debug|Any CPU.Build.0 = Debug|Any CPU
		{BEFF1214-8B66-4CFF-8469-FCB0FBEE9FDB}.Release|Any CPU.ActiveCfg = Release|Any CPU
		{BEFF1214-8B66-4CFF-8469-FCB0FBEE9FDB}.Release|Any CPU.Build.0 = Release|Any CPU
	EndGlobalSection
	GlobalSection(SolutionProperties) = preSolution
		HideSolutionNode = FALSE
	EndGlobalSection
	GlobalSection(ExtensibilityGlobals) = postSolution
		SolutionGuid = {60AF7A0B-4DB2-41EB-9969-39AF3CB22375}
	EndGlobalSection
EndGlobal
