
Microsoft Visual Studio Solution File, Format Version 12.00
# Visual Studio 15
VisualStudioVersion = 15.0.28307.960
MinimumVisualStudioVersion = 10.0.40219.1
Project("{FAE04EC0-301F-11D3-BF4B-00C04F79EFBC}") = "12-HolaMundoJS", "12-HolaMundoJS\12-HolaMundoJS.csproj", "{91204A01-C631-42E2-90F2-6DA616125029}"
EndProject
Global
	GlobalSection(SolutionConfigurationPlatforms) = preSolution
		Debug|Any CPU = Debug|Any CPU
		Release|Any CPU = Release|Any CPU
	EndGlobalSection
	GlobalSection(ProjectConfigurationPlatforms) = postSolution
		{91204A01-C631-42E2-90F2-6DA616125029}.Debug|Any CPU.ActiveCfg = Debug|Any CPU
		{91204A01-C631-42E2-90F2-6DA616125029}.Debug|Any CPU.Build.0 = Debug|Any CPU
		{91204A01-C631-42E2-90F2-6DA616125029}.Release|Any CPU.ActiveCfg = Release|Any CPU
		{91204A01-C631-42E2-90F2-6DA616125029}.Release|Any CPU.Build.0 = Release|Any CPU
	EndGlobalSection
	GlobalSection(SolutionProperties) = preSolution
		HideSolutionNode = FALSE
	EndGlobalSection
	GlobalSection(ExtensibilityGlobals) = postSolution
		SolutionGuid = {0E63E63A-F19B-4902-B10A-B8F303CBB37C}
	EndGlobalSection
EndGlobal
