
Microsoft Visual Studio Solution File, Format Version 12.00
# Visual Studio 15
VisualStudioVersion = 15.0.28307.960
MinimumVisualStudioVersion = 10.0.40219.1
Project("{FAE04EC0-301F-11D3-BF4B-00C04F79EFBC}") = "13-Ejercicio1Ajax", "13-Ejercicio1Ajax\13-Ejercicio1Ajax.csproj", "{220A13E8-A54A-4504-BC20-57A99B7DA06E}"
EndProject
Global
	GlobalSection(SolutionConfigurationPlatforms) = preSolution
		Debug|Any CPU = Debug|Any CPU
		Release|Any CPU = Release|Any CPU
	EndGlobalSection
	GlobalSection(ProjectConfigurationPlatforms) = postSolution
		{220A13E8-A54A-4504-BC20-57A99B7DA06E}.Debug|Any CPU.ActiveCfg = Debug|Any CPU
		{220A13E8-A54A-4504-BC20-57A99B7DA06E}.Debug|Any CPU.Build.0 = Debug|Any CPU
		{220A13E8-A54A-4504-BC20-57A99B7DA06E}.Release|Any CPU.ActiveCfg = Release|Any CPU
		{220A13E8-A54A-4504-BC20-57A99B7DA06E}.Release|Any CPU.Build.0 = Release|Any CPU
	EndGlobalSection
	GlobalSection(SolutionProperties) = preSolution
		HideSolutionNode = FALSE
	EndGlobalSection
	GlobalSection(ExtensibilityGlobals) = postSolution
		SolutionGuid = {506C142F-5823-4EFD-8894-9AAC4FBA8F9D}
	EndGlobalSection
EndGlobal
