
Microsoft Visual Studio Solution File, Format Version 12.00
# Visual Studio 15
VisualStudioVersion = 15.0.28307.902
MinimumVisualStudioVersion = 10.0.40219.1
Project("{FAE04EC0-301F-11D3-BF4B-00C04F79EFBC}") = "Examen1TrimestreNzhdehUI", "Examen1TrimestreNzhdeh-UI\Examen1TrimestreNzhdehUI.csproj", "{8093EA3D-86D2-4C86-B108-3CA055BD32B1}"
EndProject
Project("{FAE04EC0-301F-11D3-BF4B-00C04F79EFBC}") = "Examen1TrimestreNzhdeh-BL", "Examen1TrimestreNzhdeh-BL\Examen1TrimestreNzhdeh-BL.csproj", "{7B9854D5-A21D-4F18-8AF3-193715BBE870}"
EndProject
Project("{FAE04EC0-301F-11D3-BF4B-00C04F79EFBC}") = "Examen1TrimestreNzhdeh-DAL", "Examen1TrimestreNzhdeh-DAL\Examen1TrimestreNzhdeh-DAL.csproj", "{38B919F4-49E2-4CE7-8DC4-6827BC182452}"
EndProject
Project("{FAE04EC0-301F-11D3-BF4B-00C04F79EFBC}") = "Examen1TrimestreNzhdeh-ET", "Examen1TrimestreNzhdeh-ET\Examen1TrimestreNzhdeh-ET.csproj", "{E92C9DED-4461-422E-9C6A-437F649FD0CF}"
EndProject
Global
	GlobalSection(SolutionConfigurationPlatforms) = preSolution
		Debug|Any CPU = Debug|Any CPU
		Release|Any CPU = Release|Any CPU
	EndGlobalSection
	GlobalSection(ProjectConfigurationPlatforms) = postSolution
		{8093EA3D-86D2-4C86-B108-3CA055BD32B1}.Debug|Any CPU.ActiveCfg = Debug|Any CPU
		{8093EA3D-86D2-4C86-B108-3CA055BD32B1}.Debug|Any CPU.Build.0 = Debug|Any CPU
		{8093EA3D-86D2-4C86-B108-3CA055BD32B1}.Release|Any CPU.ActiveCfg = Release|Any CPU
		{8093EA3D-86D2-4C86-B108-3CA055BD32B1}.Release|Any CPU.Build.0 = Release|Any CPU
		{7B9854D5-A21D-4F18-8AF3-193715BBE870}.Debug|Any CPU.ActiveCfg = Debug|Any CPU
		{7B9854D5-A21D-4F18-8AF3-193715BBE870}.Debug|Any CPU.Build.0 = Debug|Any CPU
		{7B9854D5-A21D-4F18-8AF3-193715BBE870}.Release|Any CPU.ActiveCfg = Release|Any CPU
		{7B9854D5-A21D-4F18-8AF3-193715BBE870}.Release|Any CPU.Build.0 = Release|Any CPU
		{38B919F4-49E2-4CE7-8DC4-6827BC182452}.Debug|Any CPU.ActiveCfg = Debug|Any CPU
		{38B919F4-49E2-4CE7-8DC4-6827BC182452}.Debug|Any CPU.Build.0 = Debug|Any CPU
		{38B919F4-49E2-4CE7-8DC4-6827BC182452}.Release|Any CPU.ActiveCfg = Release|Any CPU
		{38B919F4-49E2-4CE7-8DC4-6827BC182452}.Release|Any CPU.Build.0 = Release|Any CPU
		{E92C9DED-4461-422E-9C6A-437F649FD0CF}.Debug|Any CPU.ActiveCfg = Debug|Any CPU
		{E92C9DED-4461-422E-9C6A-437F649FD0CF}.Debug|Any CPU.Build.0 = Debug|Any CPU
		{E92C9DED-4461-422E-9C6A-437F649FD0CF}.Release|Any CPU.ActiveCfg = Release|Any CPU
		{E92C9DED-4461-422E-9C6A-437F649FD0CF}.Release|Any CPU.Build.0 = Release|Any CPU
	EndGlobalSection
	GlobalSection(SolutionProperties) = preSolution
		HideSolutionNode = FALSE
	EndGlobalSection
	GlobalSection(ExtensibilityGlobals) = postSolution
		SolutionGuid = {99B7896D-F613-4E77-B36A-BF8215F0183A}
	EndGlobalSection
EndGlobal
