
Microsoft Visual Studio Solution File, Format Version 12.00
# Visual Studio 15
VisualStudioVersion = 15.0.28307.902
MinimumVisualStudioVersion = 10.0.40219.1
Project("{FAE04EC0-301F-11D3-BF4B-00C04F79EFBC}") = "ExamenSorpresaCRUD-UI", "ExamenSorpresaCRUD-UI\ExamenSorpresaCRUD-UI.csproj", "{F8027EBA-3EC0-4EB1-A073-BC88563CA165}"
EndProject
Project("{FAE04EC0-301F-11D3-BF4B-00C04F79EFBC}") = "ExamenSorpresaCRUD-BL", "ExamenSorpresaCRUD-BL\ExamenSorpresaCRUD-BL.csproj", "{2BF09BB0-F721-4F8C-9408-6D80A42E692B}"
EndProject
Project("{FAE04EC0-301F-11D3-BF4B-00C04F79EFBC}") = "ExamenSorpresaCRUD-DAL", "ExamenSorpresaCRUD-DAL\ExamenSorpresaCRUD-DAL.csproj", "{06CACDB1-82E4-4A00-BDB2-4474DBF1B7BF}"
EndProject
Project("{FAE04EC0-301F-11D3-BF4B-00C04F79EFBC}") = "ExamenSorpresaCRUD-Entities", "ExamenSorpresaCRUD-Entities\ExamenSorpresaCRUD-Entities.csproj", "{42B1D801-A8DC-4F21-B8BA-01B13EB46FA2}"
EndProject
Global
	GlobalSection(SolutionConfigurationPlatforms) = preSolution
		Debug|Any CPU = Debug|Any CPU
		Release|Any CPU = Release|Any CPU
	EndGlobalSection
	GlobalSection(ProjectConfigurationPlatforms) = postSolution
		{F8027EBA-3EC0-4EB1-A073-BC88563CA165}.Debug|Any CPU.ActiveCfg = Debug|Any CPU
		{F8027EBA-3EC0-4EB1-A073-BC88563CA165}.Debug|Any CPU.Build.0 = Debug|Any CPU
		{F8027EBA-3EC0-4EB1-A073-BC88563CA165}.Release|Any CPU.ActiveCfg = Release|Any CPU
		{F8027EBA-3EC0-4EB1-A073-BC88563CA165}.Release|Any CPU.Build.0 = Release|Any CPU
		{2BF09BB0-F721-4F8C-9408-6D80A42E692B}.Debug|Any CPU.ActiveCfg = Debug|Any CPU
		{2BF09BB0-F721-4F8C-9408-6D80A42E692B}.Debug|Any CPU.Build.0 = Debug|Any CPU
		{2BF09BB0-F721-4F8C-9408-6D80A42E692B}.Release|Any CPU.ActiveCfg = Release|Any CPU
		{2BF09BB0-F721-4F8C-9408-6D80A42E692B}.Release|Any CPU.Build.0 = Release|Any CPU
		{06CACDB1-82E4-4A00-BDB2-4474DBF1B7BF}.Debug|Any CPU.ActiveCfg = Debug|Any CPU
		{06CACDB1-82E4-4A00-BDB2-4474DBF1B7BF}.Debug|Any CPU.Build.0 = Debug|Any CPU
		{06CACDB1-82E4-4A00-BDB2-4474DBF1B7BF}.Release|Any CPU.ActiveCfg = Release|Any CPU
		{06CACDB1-82E4-4A00-BDB2-4474DBF1B7BF}.Release|Any CPU.Build.0 = Release|Any CPU
		{42B1D801-A8DC-4F21-B8BA-01B13EB46FA2}.Debug|Any CPU.ActiveCfg = Debug|Any CPU
		{42B1D801-A8DC-4F21-B8BA-01B13EB46FA2}.Debug|Any CPU.Build.0 = Debug|Any CPU
		{42B1D801-A8DC-4F21-B8BA-01B13EB46FA2}.Release|Any CPU.ActiveCfg = Release|Any CPU
		{42B1D801-A8DC-4F21-B8BA-01B13EB46FA2}.Release|Any CPU.Build.0 = Release|Any CPU
	EndGlobalSection
	GlobalSection(SolutionProperties) = preSolution
		HideSolutionNode = FALSE
	EndGlobalSection
	GlobalSection(ExtensibilityGlobals) = postSolution
		SolutionGuid = {1D8E8916-8068-45D8-A793-95FB6CE9A344}
	EndGlobalSection
EndGlobal
